
Microsoft Visual Studio Solution File, Format Version 12.00
# Visual Studio Version 17
VisualStudioVersion = 17.8.34408.163
MinimumVisualStudioVersion = 10.0.40219.1
Project("{FAE04EC0-301F-11D3-BF4B-00C04F79EFBC}") = "Sarasavi_Book_library", "Sarasavi_Book_library\Sarasavi_Book_library.csproj", "{B5CB8352-6365-431D-A062-5FE8687C28ED}"
EndProject
Global
	GlobalSection(SolutionConfigurationPlatforms) = preSolution
		Debug|Any CPU = Debug|Any CPU
		Release|Any CPU = Release|Any CPU
	EndGlobalSection
	GlobalSection(ProjectConfigurationPlatforms) = postSolution
		{B5CB8352-6365-431D-A062-5FE8687C28ED}.Debug|Any CPU.ActiveCfg = Debug|Any CPU
		{B5CB8352-6365-431D-A062-5FE8687C28ED}.Debug|Any CPU.Build.0 = Debug|Any CPU
		{B5CB8352-6365-431D-A062-5FE8687C28ED}.Release|Any CPU.ActiveCfg = Release|Any CPU
		{B5CB8352-6365-431D-A062-5FE8687C28ED}.Release|Any CPU.Build.0 = Release|Any CPU
	EndGlobalSection
	GlobalSection(SolutionProperties) = preSolution
		HideSolutionNode = FALSE
	EndGlobalSection
	GlobalSection(ExtensibilityGlobals) = postSolution
		SolutionGuid = {DD95005A-4C87-4C0F-B81E-5BED8A4F916D}
	EndGlobalSection
EndGlobal
